
Microsoft Visual Studio Solution File, Format Version 12.00
# Visual Studio Version 17
VisualStudioVersion = 17.12.35527.113
MinimumVisualStudioVersion = 10.0.40219.1
Project("{2150E333-8FDC-42A3-9474-1A3956D46DE8}") = "Task0", "Task0", "{D738390E-BA7C-4A88-93F2-BA2EEDE708A7}"
EndProject
Project("{FAE04EC0-301F-11D3-BF4B-00C04F79EFBC}") = "Tyuiu.PlesovskikhBA.Sprint0.Task0.V0", "Tyuiu.PlesovskikhBA.Sprint0.Task0.V0\Tyuiu.PlesovskikhBA.Sprint0.Task0.V0.csproj", "{EB0B5511-98D9-4D8C-8EF0-04958B975FA4}"
EndProject
Project("{2150E333-8FDC-42A3-9474-1A3956D46DE8}") = "Task1", "Task1", "{31664BAB-52DD-4685-9688-5DE5FAF73F73}"
EndProject
Project("{FAE04EC0-301F-11D3-BF4B-00C04F79EFBC}") = "Tyuiu.PlesovskikhBA.Sprint0.Task1.V0", "Tyuiu.PlesovskikhBA.Sprint0.Task1.V0\Tyuiu.PlesovskikhBA.Sprint0.Task1.V0.csproj", "{A606DE8E-B087-408F-A682-2648ADD0B998}"
EndProject
Project("{2150E333-8FDC-42A3-9474-1A3956D46DE8}") = "Task2", "Task2", "{F7C6EAC2-74B3-4033-BE79-C47730976B9E}"
EndProject
Project("{FAE04EC0-301F-11D3-BF4B-00C04F79EFBC}") = "Tyuiu.PlesovskikhBA.Sprint0.Task2.V0.Test", "Tyuiu.PlesovskikhBA.Sprint0.Task2.V0.Test\Tyuiu.PlesovskikhBA.Sprint0.Task2.V0.Test.csproj", "{3249467A-B9F1-4E6B-A07A-C2D473CABCA6}"
EndProject
Project("{FAE04EC0-301F-11D3-BF4B-00C04F79EFBC}") = "Tyuiu.PlesovskikhBA.Sprint0.Task2.V0", "Tyuiu.PlesovskikhBA.Sprint0.Task2.V0\Tyuiu.PlesovskikhBA.Sprint0.Task2.V0.csproj", "{BB60808C-56DB-42E5-ABB9-F4D3899432D1}"
EndProject
Project("{FAE04EC0-301F-11D3-BF4B-00C04F79EFBC}") = "Tyuiu.PlesovskikhBA.Sprint0.Task2.V0.Lib", "Tyuiu.PlesovskikhBA.Sprint0.Task2.V0.Lib\Tyuiu.PlesovskikhBA.Sprint0.Task2.V0.Lib.csproj", "{D190D472-4C8C-465F-98EC-08D9CAA5690F}"
EndProject
Project("{2150E333-8FDC-42A3-9474-1A3956D46DE8}") = "Task3", "Task3", "{7C240A78-61F7-4DEB-B4B5-DC9D3AD48569}"
EndProject
Project("{FAE04EC0-301F-11D3-BF4B-00C04F79EFBC}") = "Tyuiu.PlesovskikhBA.Sprint0.Task3.V0", "Tyuiu.PlesovskikhBA.Sprint0.Task3.V0\Tyuiu.PlesovskikhBA.Sprint0.Task3.V0.csproj", "{3C8AEB07-5D15-4E7A-8516-83B4953D080F}"
EndProject
Project("{FAE04EC0-301F-11D3-BF4B-00C04F79EFBC}") = "Tyuiu.PlesovskikhBA.Sprint0.Task3.V0.Lib", "Tyuiu.PlesovskikhBA.Sprint0.Task3.V0.Lib\Tyuiu.PlesovskikhBA.Sprint0.Task3.V0.Lib.csproj", "{882BE880-0885-4F9F-B275-0A33E76317BA}"
EndProject
Project("{FAE04EC0-301F-11D3-BF4B-00C04F79EFBC}") = "Tyuiu.PlesovskikhBA.Sprint0.Task3.V0.Test", "Tyuiu.PlesovskikhBA.Sprint0.Task3.V0.Test\Tyuiu.PlesovskikhBA.Sprint0.Task3.V0.Test.csproj", "{799E605A-3021-4447-A740-6A4F6A0A0113}"
EndProject
Project("{2150E333-8FDC-42A3-9474-1A3956D46DE8}") = "Task4", "Task4", "{07B584E4-1F3F-40CF-9B88-1B525359D975}"
EndProject
Project("{FAE04EC0-301F-11D3-BF4B-00C04F79EFBC}") = "Tyuiu.PlesovskikhBA.Sprint0.Task4.V0", "Tyuiu.PlesovskikhBA.Sprint0.Task4.V0\Tyuiu.PlesovskikhBA.Sprint0.Task4.V0.csproj", "{2D22A20A-43CD-4115-85BA-B51119E05F9C}"
EndProject
Project("{FAE04EC0-301F-11D3-BF4B-00C04F79EFBC}") = "Tyuiu.PlesovskikhBA.Sprint0.Task4.V0.Lib", "Tyuiu.PlesovskikhBA.Sprint0.Task4.V0.Lib\Tyuiu.PlesovskikhBA.Sprint0.Task4.V0.Lib.csproj", "{58A5560C-7332-40E4-BEF7-7CD94751A276}"
EndProject
Project("{FAE04EC0-301F-11D3-BF4B-00C04F79EFBC}") = "Tyuiu.PlesovskikhBA.Sprint0.Task4.V0.Test", "Tyuiu.PlesovskikhBA.Sprint0.Task4.V0.Test\Tyuiu.PlesovskikhBA.Sprint0.Task4.V0.Test.csproj", "{00F49B51-E2DF-4FDF-93C3-D5820788DAE4}"
EndProject
Global
	GlobalSection(SolutionConfigurationPlatforms) = preSolution
		Debug|Any CPU = Debug|Any CPU
		Release|Any CPU = Release|Any CPU
	EndGlobalSection
	GlobalSection(ProjectConfigurationPlatforms) = postSolution
		{EB0B5511-98D9-4D8C-8EF0-04958B975FA4}.Debug|Any CPU.ActiveCfg = Debug|Any CPU
		{EB0B5511-98D9-4D8C-8EF0-04958B975FA4}.Debug|Any CPU.Build.0 = Debug|Any CPU
		{EB0B5511-98D9-4D8C-8EF0-04958B975FA4}.Release|Any CPU.ActiveCfg = Release|Any CPU
		{EB0B5511-98D9-4D8C-8EF0-04958B975FA4}.Release|Any CPU.Build.0 = Release|Any CPU
		{A606DE8E-B087-408F-A682-2648ADD0B998}.Debug|Any CPU.ActiveCfg = Debug|Any CPU
		{A606DE8E-B087-408F-A682-2648ADD0B998}.Debug|Any CPU.Build.0 = Debug|Any CPU
		{A606DE8E-B087-408F-A682-2648ADD0B998}.Release|Any CPU.ActiveCfg = Release|Any CPU
		{A606DE8E-B087-408F-A682-2648ADD0B998}.Release|Any CPU.Build.0 = Release|Any CPU
		{3249467A-B9F1-4E6B-A07A-C2D473CABCA6}.Debug|Any CPU.ActiveCfg = Debug|Any CPU
		{3249467A-B9F1-4E6B-A07A-C2D473CABCA6}.Debug|Any CPU.Build.0 = Debug|Any CPU
		{3249467A-B9F1-4E6B-A07A-C2D473CABCA6}.Release|Any CPU.ActiveCfg = Release|Any CPU
		{3249467A-B9F1-4E6B-A07A-C2D473CABCA6}.Release|Any CPU.Build.0 = Release|Any CPU
		{BB60808C-56DB-42E5-ABB9-F4D3899432D1}.Debug|Any CPU.ActiveCfg = Debug|Any CPU
		{BB60808C-56DB-42E5-ABB9-F4D3899432D1}.Debug|Any CPU.Build.0 = Debug|Any CPU
		{BB60808C-56DB-42E5-ABB9-F4D3899432D1}.Release|Any CPU.ActiveCfg = Release|Any CPU
		{BB60808C-56DB-42E5-ABB9-F4D3899432D1}.Release|Any CPU.Build.0 = Release|Any CPU
		{D190D472-4C8C-465F-98EC-08D9CAA5690F}.Debug|Any CPU.ActiveCfg = Debug|Any CPU
		{D190D472-4C8C-465F-98EC-08D9CAA5690F}.Debug|Any CPU.Build.0 = Debug|Any CPU
		{D190D472-4C8C-465F-98EC-08D9CAA5690F}.Release|Any CPU.ActiveCfg = Release|Any CPU
		{D190D472-4C8C-465F-98EC-08D9CAA5690F}.Release|Any CPU.Build.0 = Release|Any CPU
		{3C8AEB07-5D15-4E7A-8516-83B4953D080F}.Debug|Any CPU.ActiveCfg = Debug|Any CPU
		{3C8AEB07-5D15-4E7A-8516-83B4953D080F}.Debug|Any CPU.Build.0 = Debug|Any CPU
		{3C8AEB07-5D15-4E7A-8516-83B4953D080F}.Release|Any CPU.ActiveCfg = Release|Any CPU
		{3C8AEB07-5D15-4E7A-8516-83B4953D080F}.Release|Any CPU.Build.0 = Release|Any CPU
		{882BE880-0885-4F9F-B275-0A33E76317BA}.Debug|Any CPU.ActiveCfg = Debug|Any CPU
		{882BE880-0885-4F9F-B275-0A33E76317BA}.Debug|Any CPU.Build.0 = Debug|Any CPU
		{882BE880-0885-4F9F-B275-0A33E76317BA}.Release|Any CPU.ActiveCfg = Release|Any CPU
		{882BE880-0885-4F9F-B275-0A33E76317BA}.Release|Any CPU.Build.0 = Release|Any CPU
		{799E605A-3021-4447-A740-6A4F6A0A0113}.Debug|Any CPU.ActiveCfg = Debug|Any CPU
		{799E605A-3021-4447-A740-6A4F6A0A0113}.Debug|Any CPU.Build.0 = Debug|Any CPU
		{799E605A-3021-4447-A740-6A4F6A0A0113}.Release|Any CPU.ActiveCfg = Release|Any CPU
		{799E605A-3021-4447-A740-6A4F6A0A0113}.Release|Any CPU.Build.0 = Release|Any CPU
		{2D22A20A-43CD-4115-85BA-B51119E05F9C}.Debug|Any CPU.ActiveCfg = Debug|Any CPU
		{2D22A20A-43CD-4115-85BA-B51119E05F9C}.Debug|Any CPU.Build.0 = Debug|Any CPU
		{2D22A20A-43CD-4115-85BA-B51119E05F9C}.Release|Any CPU.ActiveCfg = Release|Any CPU
		{2D22A20A-43CD-4115-85BA-B51119E05F9C}.Release|Any CPU.Build.0 = Release|Any CPU
		{58A5560C-7332-40E4-BEF7-7CD94751A276}.Debug|Any CPU.ActiveCfg = Debug|Any CPU
		{58A5560C-7332-40E4-BEF7-7CD94751A276}.Debug|Any CPU.Build.0 = Debug|Any CPU
		{58A5560C-7332-40E4-BEF7-7CD94751A276}.Release|Any CPU.ActiveCfg = Release|Any CPU
		{58A5560C-7332-40E4-BEF7-7CD94751A276}.Release|Any CPU.Build.0 = Release|Any CPU
		{00F49B51-E2DF-4FDF-93C3-D5820788DAE4}.Debug|Any CPU.ActiveCfg = Debug|Any CPU
		{00F49B51-E2DF-4FDF-93C3-D5820788DAE4}.Debug|Any CPU.Build.0 = Debug|Any CPU
		{00F49B51-E2DF-4FDF-93C3-D5820788DAE4}.Release|Any CPU.ActiveCfg = Release|Any CPU
		{00F49B51-E2DF-4FDF-93C3-D5820788DAE4}.Release|Any CPU.Build.0 = Release|Any CPU
	EndGlobalSection
	GlobalSection(SolutionProperties) = preSolution
		HideSolutionNode = FALSE
	EndGlobalSection
	GlobalSection(NestedProjects) = preSolution
		{EB0B5511-98D9-4D8C-8EF0-04958B975FA4} = {D738390E-BA7C-4A88-93F2-BA2EEDE708A7}
		{A606DE8E-B087-408F-A682-2648ADD0B998} = {31664BAB-52DD-4685-9688-5DE5FAF73F73}
		{3249467A-B9F1-4E6B-A07A-C2D473CABCA6} = {F7C6EAC2-74B3-4033-BE79-C47730976B9E}
		{BB60808C-56DB-42E5-ABB9-F4D3899432D1} = {F7C6EAC2-74B3-4033-BE79-C47730976B9E}
		{D190D472-4C8C-465F-98EC-08D9CAA5690F} = {F7C6EAC2-74B3-4033-BE79-C47730976B9E}
		{3C8AEB07-5D15-4E7A-8516-83B4953D080F} = {7C240A78-61F7-4DEB-B4B5-DC9D3AD48569}
		{882BE880-0885-4F9F-B275-0A33E76317BA} = {7C240A78-61F7-4DEB-B4B5-DC9D3AD48569}
		{799E605A-3021-4447-A740-6A4F6A0A0113} = {7C240A78-61F7-4DEB-B4B5-DC9D3AD48569}
		{2D22A20A-43CD-4115-85BA-B51119E05F9C} = {07B584E4-1F3F-40CF-9B88-1B525359D975}
		{58A5560C-7332-40E4-BEF7-7CD94751A276} = {07B584E4-1F3F-40CF-9B88-1B525359D975}
		{00F49B51-E2DF-4FDF-93C3-D5820788DAE4} = {07B584E4-1F3F-40CF-9B88-1B525359D975}
	EndGlobalSection
EndGlobal
